{"1.1.0",
[{<<"cg_mon">>,
  {git,"https://github.com/rbkmoney/cg_mon.git",
       {ref,"5a87a37694e42b6592d3b4164ae54e0e87e24e18"}},
  0},
 {<<"cowboy">>,{pkg,<<"cowboy">>,<<"2.5.0">>},0},
 {<<"cowlib">>,{pkg,<<"cowlib">>,<<"2.6.0">>},1},
 {<<"jsx">>,{pkg,<<"jsx">>,<<"2.8.0">>},0},
 {<<"ranch">>,{pkg,<<"ranch">>,<<"1.6.2">>},1}]}.
[
{pkg_hash,[
 {<<"cowboy">>, <<"4EF3AE066EE10FE01EA3272EDC8F024347A0D3EB95F6FBB9AED556DACBFC1337">>},
 {<<"cowlib">>, <<"8AA629F81A0FC189F261DC98A42243FA842625FEEA3C7EC56C48F4CCDB55490F">>},
 {<<"jsx">>, <<"749BEC6D205C694AE1786D62CEA6CC45A390437E24835FD16D12D74F07097727">>},
 {<<"ranch">>, <<"6DB93C78F411EE033DBB18BA8234C5574883ACB9A75AF0FB90A9B82EA46AFA00">>}]}
].
